Microsoft Visual Studio Solution File, Format Version 11.00
# Visual Studio 2008

Project("{560E5122-8BC1-6725-91FD-8833265B6234}") = "IQ", "Assembly-CSharp-vs.csproj", "{5FA8E29D-9D58-4FE8-E85A-2BCC2A7AF0C2}"
EndProject
Project("{560E5122-8BC1-6725-91FD-8833265B6234}") = "IQ", "Assembly-CSharp-Editor-vs.csproj", "{EA7B1D9D-AE56-5F2E-32BE-36B49A81C60E}"
EndProject
Global
	GlobalSection(SolutionConfigurationPlatforms) = preSolution
		Debug|Any CPU = Debug|Any CPU
		Release|Any CPU = Release|Any CPU
	EndGlobalSection
	GlobalSection(ProjectConfigurationPlatforms) = postSolution
		{5FA8E29D-9D58-4FE8-E85A-2BCC2A7AF0C2}.Debug|Any CPU.ActiveCfg = Debug|Any CPU
		{5FA8E29D-9D58-4FE8-E85A-2BCC2A7AF0C2}.Debug|Any CPU.Build.0 = Debug|Any CPU
		{5FA8E29D-9D58-4FE8-E85A-2BCC2A7AF0C2}.Release|Any CPU.ActiveCfg = Release|Any CPU
		{5FA8E29D-9D58-4FE8-E85A-2BCC2A7AF0C2}.Release|Any CPU.Build.0 = Release|Any CPU
		{EA7B1D9D-AE56-5F2E-32BE-36B49A81C60E}.Debug|Any CPU.ActiveCfg = Debug|Any CPU
		{EA7B1D9D-AE56-5F2E-32BE-36B49A81C60E}.Debug|Any CPU.Build.0 = Debug|Any CPU
		{EA7B1D9D-AE56-5F2E-32BE-36B49A81C60E}.Release|Any CPU.ActiveCfg = Release|Any CPU
		{EA7B1D9D-AE56-5F2E-32BE-36B49A81C60E}.Release|Any CPU.Build.0 = Release|Any CPU
	EndGlobalSection
	GlobalSection(SolutionProperties) = preSolution
		HideSolutionNode = FALSE
	EndGlobalSection
															GlobalSection(MonoDevelopProperties) = preSolution
		StartupItem = Assembly-CSharp.csproj
		Policies = $0
		$0.TextStylePolicy = $1
		$1.inheritsSet = null
		$1.scope = text/x-csharp
		$0.CSharpFormattingPolicy = $2
		$2.inheritsSet = Mono
		$2.inheritsScope = text/x-csharp
		$2.scope = text/x-csharp
		$0.TextStylePolicy = $3
		$3.FileWidth = 120
		$3.TabsToSpaces = False
		$3.EolMarker = Unix
		$3.inheritsSet = VisualStudio
		$3.inheritsScope = text/plain
		$3.scope = text/plain
	EndGlobalSection

EndGlobal
