
Microsoft Visual Studio Solution File, Format Version 11.00
# Visual Studio 2010
Project("{FAE04EC0-301F-11D3-BF4B-00C04F79EFBC}") = "Assembly-CSharp", "Assembly-CSharp.csproj", "{5FA8E29D-9D58-4FE8-E85A-2BCC2A7AF0C2}"
EndProject
Project("{FAE04EC0-301F-11D3-BF4B-00C04F79EFBC}") = "Assembly-CSharp-Editor", "Assembly-CSharp-Editor.csproj", "{EA7B1D9D-AE56-5F2E-32BE-36B49A81C60E}"
EndProject
Project("{FAE04EC0-301F-11D3-BF4B-00C04F79EFBC}") = "InventoryQuest", "InventoryQuest\InventoryQuest.csproj", "{625F005A-8E91-44F2-A97E-CEEB4433D6D8}"
EndProject
Global
	GlobalSection(SolutionConfigurationPlatforms) = preSolution
		Debug|Any CPU = Debug|Any CPU
		Release|Any CPU = Release|Any CPU
		Creator|Any CPU = Creator|Any CPU
		Unity|Any CPU = Unity|Any CPU
	EndGlobalSection
	GlobalSection(ProjectConfigurationPlatforms) = postSolution
		{5FA8E29D-9D58-4FE8-E85A-2BCC2A7AF0C2}.Creator|Any CPU.ActiveCfg = Debug|Any CPU
		{5FA8E29D-9D58-4FE8-E85A-2BCC2A7AF0C2}.Creator|Any CPU.Build.0 = Debug|Any CPU
		{5FA8E29D-9D58-4FE8-E85A-2BCC2A7AF0C2}.Debug|Any CPU.ActiveCfg = Debug|Any CPU
		{5FA8E29D-9D58-4FE8-E85A-2BCC2A7AF0C2}.Debug|Any CPU.Build.0 = Debug|Any CPU
		{5FA8E29D-9D58-4FE8-E85A-2BCC2A7AF0C2}.Release|Any CPU.ActiveCfg = Release|Any CPU
		{5FA8E29D-9D58-4FE8-E85A-2BCC2A7AF0C2}.Release|Any CPU.Build.0 = Release|Any CPU
		{5FA8E29D-9D58-4FE8-E85A-2BCC2A7AF0C2}.Unity|Any CPU.ActiveCfg = Debug|Any CPU
		{5FA8E29D-9D58-4FE8-E85A-2BCC2A7AF0C2}.Unity|Any CPU.Build.0 = Debug|Any CPU
		{625F005A-8E91-44F2-A97E-CEEB4433D6D8}.Creator|Any CPU.ActiveCfg = Creator|Any CPU
		{625F005A-8E91-44F2-A97E-CEEB4433D6D8}.Creator|Any CPU.Build.0 = Creator|Any CPU
		{625F005A-8E91-44F2-A97E-CEEB4433D6D8}.Debug|Any CPU.ActiveCfg = Debug|Any CPU
		{625F005A-8E91-44F2-A97E-CEEB4433D6D8}.Debug|Any CPU.Build.0 = Debug|Any CPU
		{625F005A-8E91-44F2-A97E-CEEB4433D6D8}.Release|Any CPU.ActiveCfg = Release|Any CPU
		{625F005A-8E91-44F2-A97E-CEEB4433D6D8}.Release|Any CPU.Build.0 = Release|Any CPU
		{625F005A-8E91-44F2-A97E-CEEB4433D6D8}.Unity|Any CPU.ActiveCfg = Unity|Any CPU
		{625F005A-8E91-44F2-A97E-CEEB4433D6D8}.Unity|Any CPU.Build.0 = Unity|Any CPU
		{EA7B1D9D-AE56-5F2E-32BE-36B49A81C60E}.Creator|Any CPU.ActiveCfg = Debug|Any CPU
		{EA7B1D9D-AE56-5F2E-32BE-36B49A81C60E}.Creator|Any CPU.Build.0 = Debug|Any CPU
		{EA7B1D9D-AE56-5F2E-32BE-36B49A81C60E}.Debug|Any CPU.ActiveCfg = Debug|Any CPU
		{EA7B1D9D-AE56-5F2E-32BE-36B49A81C60E}.Debug|Any CPU.Build.0 = Debug|Any CPU
		{EA7B1D9D-AE56-5F2E-32BE-36B49A81C60E}.Release|Any CPU.ActiveCfg = Release|Any CPU
		{EA7B1D9D-AE56-5F2E-32BE-36B49A81C60E}.Release|Any CPU.Build.0 = Release|Any CPU
		{EA7B1D9D-AE56-5F2E-32BE-36B49A81C60E}.Unity|Any CPU.ActiveCfg = Debug|Any CPU
		{EA7B1D9D-AE56-5F2E-32BE-36B49A81C60E}.Unity|Any CPU.Build.0 = Debug|Any CPU
	EndGlobalSection
	GlobalSection(MonoDevelopProperties) = preSolution
		StartupItem = Assembly-CSharp.csproj
		Policies = $0
		$0.TextStylePolicy = $1
		$1.inheritsSet = null
		$1.scope = text/x-csharp
		$0.CSharpFormattingPolicy = $2
		$2.inheritsSet = Mono
		$2.inheritsScope = text/x-csharp
		$2.scope = text/x-csharp
		$0.TextStylePolicy = $3
		$3.FileWidth = 120
		$3.TabsToSpaces = False
		$3.EolMarker = Unix
		$3.inheritsSet = VisualStudio
		$3.inheritsScope = text/plain
		$3.scope = text/plain
	EndGlobalSection
	GlobalSection(SolutionProperties) = preSolution
		HideSolutionNode = FALSE
	EndGlobalSection
EndGlobal
