
Microsoft Visual Studio Solution File, Format Version 12.00
# Visual Studio 2013
VisualStudioVersion = 12.0.31101.0
MinimumVisualStudioVersion = 10.0.40219.1
Project("{FAE04EC0-301F-11D3-BF4B-00C04F79EFBC}") = "UnityVS.IQ.CSharp", "UnityVS.IQ.CSharp.csproj", "{721444C1-936E-762B-87B0-3791A6A7B677}"
EndProject
Project("{FAE04EC0-301F-11D3-BF4B-00C04F79EFBC}") = "UnityVS.IQ.CSharp.Editor", "UnityVS.IQ.CSharp.Editor.csproj", "{6C406843-E203-A975-8674-A7B96AF1DDB1}"
EndProject
Project("{FAE04EC0-301F-11D3-BF4B-00C04F79EFBC}") = "InventoryQuest", "InventoryQuest\InventoryQuest.csproj", "{625F005A-8E91-44F2-A97E-CEEB4433D6D8}"
EndProject
Project("{FAE04EC0-301F-11D3-BF4B-00C04F79EFBC}") = "Creator", "Creator\Creator.csproj", "{5887FDF9-64EC-4BF9-AD60-65CB0B1E7623}"
EndProject
Global
	GlobalSection(SolutionConfigurationPlatforms) = preSolution
		Creator|Any CPU = Creator|Any CPU
		Debug|Any CPU = Debug|Any CPU
		Release|Any CPU = Release|Any CPU
		Unity|Any CPU = Unity|Any CPU
	EndGlobalSection
	GlobalSection(ProjectConfigurationPlatforms) = postSolution
		{721444C1-936E-762B-87B0-3791A6A7B677}.Creator|Any CPU.ActiveCfg = Creator|Any CPU
		{721444C1-936E-762B-87B0-3791A6A7B677}.Creator|Any CPU.Build.0 = Creator|Any CPU
		{721444C1-936E-762B-87B0-3791A6A7B677}.Debug|Any CPU.ActiveCfg = Debug|Any CPU
		{721444C1-936E-762B-87B0-3791A6A7B677}.Debug|Any CPU.Build.0 = Debug|Any CPU
		{721444C1-936E-762B-87B0-3791A6A7B677}.Release|Any CPU.ActiveCfg = Release|Any CPU
		{721444C1-936E-762B-87B0-3791A6A7B677}.Release|Any CPU.Build.0 = Release|Any CPU
		{721444C1-936E-762B-87B0-3791A6A7B677}.Unity|Any CPU.ActiveCfg = Unity|Any CPU
		{721444C1-936E-762B-87B0-3791A6A7B677}.Unity|Any CPU.Build.0 = Unity|Any CPU
		{6C406843-E203-A975-8674-A7B96AF1DDB1}.Creator|Any CPU.ActiveCfg = Creator|Any CPU
		{6C406843-E203-A975-8674-A7B96AF1DDB1}.Creator|Any CPU.Build.0 = Creator|Any CPU
		{6C406843-E203-A975-8674-A7B96AF1DDB1}.Debug|Any CPU.ActiveCfg = Debug|Any CPU
		{6C406843-E203-A975-8674-A7B96AF1DDB1}.Debug|Any CPU.Build.0 = Debug|Any CPU
		{6C406843-E203-A975-8674-A7B96AF1DDB1}.Release|Any CPU.ActiveCfg = Release|Any CPU
		{6C406843-E203-A975-8674-A7B96AF1DDB1}.Release|Any CPU.Build.0 = Release|Any CPU
		{6C406843-E203-A975-8674-A7B96AF1DDB1}.Unity|Any CPU.ActiveCfg = Unity|Any CPU
		{6C406843-E203-A975-8674-A7B96AF1DDB1}.Unity|Any CPU.Build.0 = Unity|Any CPU
		{625F005A-8E91-44F2-A97E-CEEB4433D6D8}.Creator|Any CPU.ActiveCfg = Creator|Any CPU
		{625F005A-8E91-44F2-A97E-CEEB4433D6D8}.Creator|Any CPU.Build.0 = Creator|Any CPU
		{625F005A-8E91-44F2-A97E-CEEB4433D6D8}.Debug|Any CPU.ActiveCfg = Debug|Any CPU
		{625F005A-8E91-44F2-A97E-CEEB4433D6D8}.Debug|Any CPU.Build.0 = Debug|Any CPU
		{625F005A-8E91-44F2-A97E-CEEB4433D6D8}.Release|Any CPU.ActiveCfg = Release|Any CPU
		{625F005A-8E91-44F2-A97E-CEEB4433D6D8}.Release|Any CPU.Build.0 = Release|Any CPU
		{625F005A-8E91-44F2-A97E-CEEB4433D6D8}.Unity|Any CPU.ActiveCfg = Unity|Any CPU
		{625F005A-8E91-44F2-A97E-CEEB4433D6D8}.Unity|Any CPU.Build.0 = Unity|Any CPU
		{5887FDF9-64EC-4BF9-AD60-65CB0B1E7623}.Creator|Any CPU.ActiveCfg = Creator|Any CPU
		{5887FDF9-64EC-4BF9-AD60-65CB0B1E7623}.Creator|Any CPU.Build.0 = Creator|Any CPU
		{5887FDF9-64EC-4BF9-AD60-65CB0B1E7623}.Debug|Any CPU.ActiveCfg = Debug|Any CPU
		{5887FDF9-64EC-4BF9-AD60-65CB0B1E7623}.Debug|Any CPU.Build.0 = Debug|Any CPU
		{5887FDF9-64EC-4BF9-AD60-65CB0B1E7623}.Release|Any CPU.ActiveCfg = Release|Any CPU
		{5887FDF9-64EC-4BF9-AD60-65CB0B1E7623}.Release|Any CPU.Build.0 = Release|Any CPU
		{5887FDF9-64EC-4BF9-AD60-65CB0B1E7623}.Unity|Any CPU.ActiveCfg = Unity|Any CPU
		{5887FDF9-64EC-4BF9-AD60-65CB0B1E7623}.Unity|Any CPU.Build.0 = Unity|Any CPU
	EndGlobalSection
	GlobalSection(SolutionProperties) = preSolution
		HideSolutionNode = FALSE
	EndGlobalSection
EndGlobal
